
Microsoft Visual Studio Solution File, Format Version 12.00
# Visual Studio Version 17
VisualStudioVersion = 17.13.35825.156
MinimumVisualStudioVersion = 10.0.40219.1
Project("{FAE04EC0-301F-11D3-BF4B-00C04F79EFBC}") = "Bridge", "Bridge\Bridge.csproj", "{34F47782-38A9-4402-B34F-0C697CD0D104}"
EndProject
Project("{FAE04EC0-301F-11D3-BF4B-00C04F79EFBC}") = "BridgeTests", "BridgeTests\BridgeTests.csproj", "{16ED75CA-4D4B-4DA5-84D4-CAB98CA5AB5B}"
EndProject
Project("{FAE04EC0-301F-11D3-BF4B-00C04F79EFBC}") = "StoreBaeltTicketLibrary", "StoreBaeltTicketLibrary\StoreBaeltTicketLibrary.csproj", "{56D5E641-5121-48FA-8627-BE8549038847}"
EndProject
Global
	GlobalSection(SolutionConfigurationPlatforms) = preSolution
		Debug|Any CPU = Debug|Any CPU
		Release|Any CPU = Release|Any CPU
	EndGlobalSection
	GlobalSection(ProjectConfigurationPlatforms) = postSolution
		{34F47782-38A9-4402-B34F-0C697CD0D104}.Debug|Any CPU.ActiveCfg = Debug|Any CPU
		{34F47782-38A9-4402-B34F-0C697CD0D104}.Debug|Any CPU.Build.0 = Debug|Any CPU
		{34F47782-38A9-4402-B34F-0C697CD0D104}.Release|Any CPU.ActiveCfg = Release|Any CPU
		{34F47782-38A9-4402-B34F-0C697CD0D104}.Release|Any CPU.Build.0 = Release|Any CPU
		{16ED75CA-4D4B-4DA5-84D4-CAB98CA5AB5B}.Debug|Any CPU.ActiveCfg = Debug|Any CPU
		{16ED75CA-4D4B-4DA5-84D4-CAB98CA5AB5B}.Debug|Any CPU.Build.0 = Debug|Any CPU
		{16ED75CA-4D4B-4DA5-84D4-CAB98CA5AB5B}.Release|Any CPU.ActiveCfg = Release|Any CPU
		{16ED75CA-4D4B-4DA5-84D4-CAB98CA5AB5B}.Release|Any CPU.Build.0 = Release|Any CPU
		{56D5E641-5121-48FA-8627-BE8549038847}.Debug|Any CPU.ActiveCfg = Debug|Any CPU
		{56D5E641-5121-48FA-8627-BE8549038847}.Debug|Any CPU.Build.0 = Debug|Any CPU
		{56D5E641-5121-48FA-8627-BE8549038847}.Release|Any CPU.ActiveCfg = Release|Any CPU
		{56D5E641-5121-48FA-8627-BE8549038847}.Release|Any CPU.Build.0 = Release|Any CPU
	EndGlobalSection
	GlobalSection(SolutionProperties) = preSolution
		HideSolutionNode = FALSE
	EndGlobalSection
	GlobalSection(ExtensibilityGlobals) = postSolution
		SolutionGuid = {CD8CE736-CC37-45B0-AD94-469B70CD56A9}
	EndGlobalSection
EndGlobal
